{
  "name": "json-to-html",
  "lockfileVersion": 3,
  "requires": true,
  "packages": {
    "": {
      "name": "json-to-html",
      "devDependencies": {
        "bun-types": "^0.5.0"
      }
    },
    "node_modules/bun-types": {
      "version": "0.5.8",
      "resolved": "https://registry.npmjs.org/bun-types/-/bun-types-0.5.8.tgz",
      "integrity": "sha512-VHwD0MAHo3wraYAeqTWH2NDmXOdGfC3wWWOnZvK93ytI6yq/LkgsCjDudWNmN7MlfPvJb2zoLMnkzhjxNwLsLw==",
      "dev": true
    }
  }
}
